{
    "_readme": [
        "This file locks the dependencies of your project to a known state",
        "Read more about it at https://getcomposer.org/doc/01-basic-usage.md#installing-dependencies",
        "This file is @generated automatically"
    ],
    "content-hash": "0c91bb4d8f39ff63876c1779f7aa36cc",
    "packages": [],
    "packages-dev": [
        {
            "name": "danbettles/codesniffer-standard",
            "version": "v2.0.0",
            "source": {
                "type": "git",
                "url": "https://github.com/danbettles/PHP_CodeSniffer_Standards_DanBettles.git",
                "reference": "460d4569ee0d3cd888ce7fb5048a776158092e2f"
            },
            "dist": {
                "type": "zip",
                "url": "https://api.github.com/repos/danbettles/PHP_CodeSniffer_Standards_DanBettles/zipball/460d4569ee0d3cd888ce7fb5048a776158092e2f",
                "reference": "460d4569ee0d3cd888ce7fb5048a776158092e2f",
                "shasum": ""
            },
            "require-dev": {
                "phpunit/phpunit": "^7.0",
                "squizlabs/php_codesniffer": "^3.5"
            },
            "type": "library",
            "autoload": {
                "psr-4": {
                    "DanBettles\\PhpCodeSnifferStandard\\": "src/"
                }
            },
            "notification-url": "https://packagist.org/downloads/",
            "license": [
                "ISC"
            ],
            "authors": [
                {
                    "name": "Dan Bettles",
                    "email": "danbettles@yahoo.co.uk"
                }
            ],
            "description": "A PHP_CodeSniffer standard that mainly looks for abandoned debugging code.",
            "keywords": [
                "PHP_CodeSniffer",
                "codesniffer",
                "debugging"
            ],
            "support": {
                "issues": "https://github.com/danbettles/PHP_CodeSniffer_Standards_DanBettles/issues",
                "source": "https://github.com/danbettles/PHP_CodeSniffer_Standards_DanBettles/tree/v2.0.0"
            },
            "time": "2020-02-12T15:09:04+00:00"
        },
        {
            "name": "jaz303/ztest",
            "version": "0.0.3",
            "dist": {
                "type": "zip",
                "url": "https://github.com/jaz303/ztest/archive/0a31703d3c5f80c17ff1ce755893e5ba79a863ea.zip"
            },
            "type": "library",
            "autoload": {
                "files": [
                    "ztest.php"
                ]
            }
        },
        {
            "name": "phpstan/phpstan",
            "version": "1.10.19",
            "source": {
                "type": "git",
                "url": "https://github.com/phpstan/phpstan.git",
                "reference": "af5a296ff02610c1bfb4ddfac9fd4a08657b9046"
            },
            "dist": {
                "type": "zip",
                "url": "https://api.github.com/repos/phpstan/phpstan/zipball/af5a296ff02610c1bfb4ddfac9fd4a08657b9046",
                "reference": "af5a296ff02610c1bfb4ddfac9fd4a08657b9046",
                "shasum": ""
            },
            "require": {
                "php": "^7.2|^8.0"
            },
            "conflict": {
                "phpstan/phpstan-shim": "*"
            },
            "bin": [
                "phpstan",
                "phpstan.phar"
            ],
            "type": "library",
            "autoload": {
                "files": [
                    "bootstrap.php"
                ]
            },
            "notification-url": "https://packagist.org/downloads/",
            "license": [
                "MIT"
            ],
            "description": "PHPStan - PHP Static Analysis Tool",
            "keywords": [
                "dev",
                "static analysis"
            ],
            "support": {
                "docs": "https://phpstan.org/user-guide/getting-started",
                "forum": "https://github.com/phpstan/phpstan/discussions",
                "issues": "https://github.com/phpstan/phpstan/issues",
                "security": "https://github.com/phpstan/phpstan/security/policy",
                "source": "https://github.com/phpstan/phpstan-src"
            },
            "funding": [
                {
                    "url": "https://github.com/ondrejmirtes",
                    "type": "github"
                },
                {
                    "url": "https://github.com/phpstan",
                    "type": "github"
                },
                {
                    "url": "https://tidelift.com/funding/github/packagist/phpstan/phpstan",
                    "type": "tidelift"
                }
            ],
            "time": "2023-06-14T15:26:58+00:00"
        },
        {
            "name": "squizlabs/php_codesniffer",
            "version": "3.7.2",
            "source": {
                "type": "git",
                "url": "https://github.com/squizlabs/PHP_CodeSniffer.git",
                "reference": "ed8e00df0a83aa96acf703f8c2979ff33341f879"
            },
            "dist": {
                "type": "zip",
                "url": "https://api.github.com/repos/squizlabs/PHP_CodeSniffer/zipball/ed8e00df0a83aa96acf703f8c2979ff33341f879",
                "reference": "ed8e00df0a83aa96acf703f8c2979ff33341f879",
                "shasum": ""
            },
            "require": {
                "ext-simplexml": "*",
                "ext-tokenizer": "*",
                "ext-xmlwriter": "*",
                "php": ">=5.4.0"
            },
            "require-dev": {
                "phpunit/phpunit": "^4.0 || ^5.0 || ^6.0 || ^7.0"
            },
            "bin": [
                "bin/phpcs",
                "bin/phpcbf"
            ],
            "type": "library",
            "extra": {
                "branch-alias": {
                    "dev-master": "3.x-dev"
                }
            },
            "notification-url": "https://packagist.org/downloads/",
            "license": [
                "BSD-3-Clause"
            ],
            "authors": [
                {
                    "name": "Greg Sherwood",
                    "role": "lead"
                }
            ],
            "description": "PHP_CodeSniffer tokenizes PHP, JavaScript and CSS files and detects violations of a defined set of coding standards.",
            "homepage": "https://github.com/squizlabs/PHP_CodeSniffer",
            "keywords": [
                "phpcs",
                "standards",
                "static analysis"
            ],
            "support": {
                "issues": "https://github.com/squizlabs/PHP_CodeSniffer/issues",
                "source": "https://github.com/squizlabs/PHP_CodeSniffer",
                "wiki": "https://github.com/squizlabs/PHP_CodeSniffer/wiki"
            },
            "time": "2023-02-22T23:07:41+00:00"
        }
    ],
    "aliases": [],
    "minimum-stability": "stable",
    "stability-flags": [],
    "prefer-stable": false,
    "prefer-lowest": false,
    "platform": {
        "php": ">=7.4.27",
        "ext-curl": "*"
    },
    "platform-dev": [],
    "plugin-api-version": "2.3.0"
}
